
Microsoft Visual Studio Solution File, Format Version 12.00
# Visual Studio Version 17
VisualStudioVersion = 17.11.35222.181
MinimumVisualStudioVersion = 10.0.40219.1
Project("{9A19103F-16F7-32B4-A1DE-6BF3E9F03F09}") = "Hexnest.Core", "Hexnest.Core\Hexnest.Core.csproj", "{3E1A7C8D-2B94-4F6E-9A15-6C0D8B3F4A21}"
EndProject
Project("{9A19103F-16F7-32B4-A1DE-6BF3E9F03F09}") = "Hexnest.App", "Hexnest.App\Hexnest.App.csproj", "{7F2B4D6E-9C13-4A85-B0E7-5D1F2A9C6B38}"
EndProject
Project("{9A19103F-16F7-32B4-A1DE-6BF3E9F03F09}") = "Hexnest.Cli", "Hexnest.Cli\Hexnest.Cli.csproj", "{B4C9E017-5A6D-42F3-8E91-7A3C0D5B2E64}"
EndProject
Project("{9A19103F-16F7-32B4-A1DE-6BF3E9F03F09}") = "Hexnest.Mac", "Hexnest.Mac\Hexnest.Mac.csproj", "{5D8A3F72-1E64-4B09-A7C2-9F0B6D4E8135}"
EndProject
Global
	GlobalSection(SolutionConfigurationPlatforms) = preSolution
		Debug|Any CPU = Debug|Any CPU
		Release|Any CPU = Release|Any CPU
	EndGlobalSection
	GlobalSection(ProjectConfigurationPlatforms) = postSolution
		{3E1A7C8D-2B94-4F6E-9A15-6C0D8B3F4A21}.Debug|Any CPU.ActiveCfg = Debug|Any CPU
		{3E1A7C8D-2B94-4F6E-9A15-6C0D8B3F4A21}.Debug|Any CPU.Build.0 = Debug|Any CPU
		{3E1A7C8D-2B94-4F6E-9A15-6C0D8B3F4A21}.Release|Any CPU.ActiveCfg = Release|Any CPU
		{3E1A7C8D-2B94-4F6E-9A15-6C0D8B3F4A21}.Release|Any CPU.Build.0 = Release|Any CPU
		{7F2B4D6E-9C13-4A85-B0E7-5D1F2A9C6B38}.Debug|Any CPU.ActiveCfg = Debug|Any CPU
		{7F2B4D6E-9C13-4A85-B0E7-5D1F2A9C6B38}.Debug|Any CPU.Build.0 = Debug|Any CPU
		{7F2B4D6E-9C13-4A85-B0E7-5D1F2A9C6B38}.Release|Any CPU.ActiveCfg = Release|Any CPU
		{7F2B4D6E-9C13-4A85-B0E7-5D1F2A9C6B38}.Release|Any CPU.Build.0 = Release|Any CPU
		{B4C9E017-5A6D-42F3-8E91-7A3C0D5B2E64}.Debug|Any CPU.ActiveCfg = Debug|Any CPU
		{B4C9E017-5A6D-42F3-8E91-7A3C0D5B2E64}.Debug|Any CPU.Build.0 = Debug|Any CPU
		{B4C9E017-5A6D-42F3-8E91-7A3C0D5B2E64}.Release|Any CPU.ActiveCfg = Release|Any CPU
		{B4C9E017-5A6D-42F3-8E91-7A3C0D5B2E64}.Release|Any CPU.Build.0 = Release|Any CPU
		{5D8A3F72-1E64-4B09-A7C2-9F0B6D4E8135}.Debug|Any CPU.ActiveCfg = Debug|Any CPU
		{5D8A3F72-1E64-4B09-A7C2-9F0B6D4E8135}.Debug|Any CPU.Build.0 = Debug|Any CPU
		{5D8A3F72-1E64-4B09-A7C2-9F0B6D4E8135}.Release|Any CPU.ActiveCfg = Release|Any CPU
		{5D8A3F72-1E64-4B09-A7C2-9F0B6D4E8135}.Release|Any CPU.Build.0 = Release|Any CPU
	EndGlobalSection
	GlobalSection(SolutionProperties) = preSolution
		HideSolutionNode = FALSE
	EndGlobalSection
	GlobalSection(ExtensibilityGlobals) = postSolution
		SolutionGuid = {D8F3A215-6E47-4C90-A3B8-1F5E9C2D7A06}
	EndGlobalSection
EndGlobal
